{
  "pins" : [
    {
      "identity" : "casdoor-ios-sdk",
      "kind" : "remoteSourceControl",
      "location" : "https://github.com/casdoor/casdoor-ios-sdk.git",
      "state" : {
        "revision" : "c412edcad80963bc1297cde7b22f8f8d7a6724cb",
        "version" : "1.0.0"
      }
    }
  ],
  "version" : 2
}
