// !$*UTF8*$!
{
	archiveVersion = 1;
	classes = {
	};
	objectVersion = 55;
	objects = {

/* Begin PBXBuildFile section */
		E03D5C4928A61FAA007D8B04 /* AppDelegate.swift in Sources */ = {isa = PBXBuildFile; fileRef = E03D5C4828A61FAA007D8B04 /* AppDelegate.swift */; };
		E03D5C4B28A61FAA007D8B04 /* SceneDelegate.swift in Sources */ = {isa = PBXBuildFile; fileRef = E03D5C4A28A61FAA007D8B04 /* SceneDelegate.swift */; };
		E03D5C4D28A61FAA007D8B04 /* ViewController.swift in Sources */ = {isa = PBXBuildFile; fileRef = E03D5C4C28A61FAA007D8B04 /* ViewController.swift */; };
		E03D5C5028A61FAA007D8B04 /* Main.storyboard in Resources */ = {isa = PBXBuildFile; fileRef = E03D5C4E28A61FAA007D8B04 /* Main.storyboard */; };
		E03D5C5228A61FAB007D8B04 /* Assets.xcassets in Resources */ = {isa = PBXBuildFile; fileRef = E03D5C5128A61FAB007D8B04 /* Assets.xcassets */; };
		E03D5C5528A61FAB007D8B04 /* LaunchScreen.storyboard in Resources */ = {isa = PBXBuildFile; fileRef = E03D5C5328A61FAB007D8B04 /* LaunchScreen.storyboard */; };
		E03D5C6528A6262C007D8B04 /* WebViewController.swift in Sources */ = {isa = PBXBuildFile; fileRef = E03D5C6428A6262C007D8B04 /* WebViewController.swift */; };
		E03D5C6828A64B49007D8B04 /* Casdoor in Frameworks */ = {isa = PBXBuildFile; productRef = E03D5C6728A64B49007D8B04 /* Casdoor */; };
/* End PBXBuildFile section */

/* Begin PBXFileReference section */
		E03D5C4528A61FAA007D8B04 /* CasdoorDemo.app */ = {isa = PBXFileReference; explicitFileType = wrapper.application; includeInIndex = 0; path = CasdoorDemo.app; sourceTree = BUILT_PRODUCTS_DIR; };
		E03D5C4828A61FAA007D8B04 /* AppDelegate.swift */ = {isa = PBXFileReference; lastKnownFileType = sourcecode.swift; path = AppDelegate.swift; sourceTree = "<group>"; };
		E03D5C4A28A61FAA007D8B04 /* SceneDelegate.swift */ = {isa = PBXFileReference; lastKnownFileType = sourcecode.swift; path = SceneDelegate.swift; sourceTree = "<group>"; };
		E03D5C4C28A61FAA007D8B04 /* ViewController.swift */ = {isa = PBXFileReference; lastKnownFileType = sourcecode.swift; path = ViewController.swift; sourceTree = "<group>"; };
		E03D5C4F28A61FAA007D8B04 /* Base */ = {isa = PBXFileReference; lastKnownFileType = file.storyboard; name = Base; path = Base.lproj/Main.storyboard; sourceTree = "<group>"; };
		E03D5C5128A61FAB007D8B04 /* Assets.xcassets */ = {isa = PBXFileReference; lastKnownFileType = folder.assetcatalog; path = Assets.xcassets; sourceTree = "<group>"; };
		E03D5C5428A61FAB007D8B04 /* Base */ = {isa = PBXFileReference; lastKnownFileType = file.storyboard; name = Base; path = Base.lproj/LaunchScreen.storyboard; sourceTree = "<group>"; };
		E03D5C5628A61FAB007D8B04 /* Info.plist */ = {isa = PBXFileReference; lastKnownFileType = text.plist.xml; path = Info.plist; sourceTree = "<group>"; };
		E03D5C6428A6262C007D8B04 /* WebViewController.swift */ = {isa = PBXFileReference; lastKnownFileType = sourcecode.swift; path = WebViewController.swift; sourceTree = "<group>"; };
/* End PBXFileReference section */

/* Begin PBXFrameworksBuildPhase section */
		E03D5C4228A61FAA007D8B04 /* Frameworks */ = {
			isa = PBXFrameworksBuildPhase;
			buildActionMask = 2147483647;
			files = (
				E03D5C6828A64B49007D8B04 /* Casdoor in Frameworks */,
			);
			runOnlyForDeploymentPostprocessing = 0;
		};
/* End PBXFrameworksBuildPhase section */

/* Begin PBXGroup section */
		E03D5C3C28A61FAA007D8B04 = {
			isa = PBXGroup;
			children = (
				E03D5C4728A61FAA007D8B04 /* CasdoorDemo */,
				E03D5C4628A61FAA007D8B04 /* Products */,
			);
			sourceTree = "<group>";
		};
		E03D5C4628A61FAA007D8B04 /* Products */ = {
			isa = PBXGroup;
			children = (
				E03D5C4528A61FAA007D8B04 /* CasdoorDemo.app */,
			);
			name = Products;
			sourceTree = "<group>";
		};
		E03D5C4728A61FAA007D8B04 /* CasdoorDemo */ = {
			isa = PBXGroup;
			children = (
				E03D5C4828A61FAA007D8B04 /* AppDelegate.swift */,
				E03D5C4A28A61FAA007D8B04 /* SceneDelegate.swift */,
				E03D5C4C28A61FAA007D8B04 /* ViewController.swift */,
				E03D5C6428A6262C007D8B04 /* WebViewController.swift */,
				E03D5C4E28A61FAA007D8B04 /* Main.storyboard */,
				E03D5C5128A61FAB007D8B04 /* Assets.xcassets */,
				E03D5C5328A61FAB007D8B04 /* LaunchScreen.storyboard */,
				E03D5C5628A61FAB007D8B04 /* Info.plist */,
			);
			path = CasdoorDemo;
			sourceTree = "<group>";
		};
/* End PBXGroup section */

/* Begin PBXNativeTarget section */
		E03D5C4428A61FAA007D8B04 /* CasdoorDemo */ = {
			isa = PBXNativeTarget;
			buildConfigurationList = E03D5C5928A61FAB007D8B04 /* Build configuration list for PBXNativeTarget "CasdoorDemo" */;
			buildPhases = (
				E03D5C4128A61FAA007D8B04 /* Sources */,
				E03D5C4228A61FAA007D8B04 /* Frameworks */,
				E03D5C4328A61FAA007D8B04 /* Resources */,
			);
			buildRules = (
			);
			dependencies = (
			);
			name = CasdoorDemo;
			packageProductDependencies = (
				E03D5C6728A64B49007D8B04 /* Casdoor */,
			);
			productName = CasdoorDemo;
			productReference = E03D5C4528A61FAA007D8B04 /* CasdoorDemo.app */;
			productType = "com.apple.product-type.application";
		};
/* End PBXNativeTarget section */

/* Begin PBXProject section */
		E03D5C3D28A61FAA007D8B04 /* Project object */ = {
			isa = PBXProject;
			attributes = {
				BuildIndependentTargetsInParallel = 1;
				LastSwiftUpdateCheck = 1340;
				LastUpgradeCheck = 1340;
				TargetAttributes = {
					E03D5C4428A61FAA007D8B04 = {
						CreatedOnToolsVersion = 13.4.1;
					};
				};
			};
			buildConfigurationList = E03D5C4028A61FAA007D8B04 /* Build configuration list for PBXProject "CasdoorDemo" */;
			compatibilityVersion = "Xcode 13.0";
			developmentRegion = en;
			hasScannedForEncodings = 0;
			knownRegions = (
				en,
				Base,
			);
			mainGroup = E03D5C3C28A61FAA007D8B04;
			packageReferences = (
				E03D5C6628A64B49007D8B04 /* XCRemoteSwiftPackageReference "casdoor-ios-sdk" */,
			);
			productRefGroup = E03D5C4628A61FAA007D8B04 /* Products */;
			projectDirPath = "";
			projectRoot = "";
			targets = (
				E03D5C4428A61FAA007D8B04 /* CasdoorDemo */,
			);
		};
/* End PBXProject section */

/* Begin PBXResourcesBuildPhase section */
		E03D5C4328A61FAA007D8B04 /* Resources */ = {
			isa = PBXResourcesBuildPhase;
			buildActionMask = 2147483647;
			files = (
				E03D5C5528A61FAB007D8B04 /* LaunchScreen.storyboard in Resources */,
				E03D5C5228A61FAB007D8B04 /* Assets.xcassets in Resources */,
				E03D5C5028A61FAA007D8B04 /* Main.storyboard in Resources */,
			);
			runOnlyForDeploymentPostprocessing = 0;
		};
/* End PBXResourcesBuildPhase section */

/* Begin PBXSourcesBuildPhase section */
		E03D5C4128A61FAA007D8B04 /* Sources */ = {
			isa = PBXSourcesBuildPhase;
			buildActionMask = 2147483647;
			files = (
				E03D5C4D28A61FAA007D8B04 /* ViewController.swift in Sources */,
				E03D5C4928A61FAA007D8B04 /* AppDelegate.swift in Sources */,
				E03D5C4B28A61FAA007D8B04 /* SceneDelegate.swift in Sources */,
				E03D5C6528A6262C007D8B04 /* WebViewController.swift in Sources */,
			);
			runOnlyForDeploymentPostprocessing = 0;
		};
/* End PBXSourcesBuildPhase section */

/* Begin PBXVariantGroup section */
		E03D5C4E28A61FAA007D8B04 /* Main.storyboard */ = {
			isa = PBXVariantGroup;
			children = (
				E03D5C4F28A61FAA007D8B04 /* Base */,
			);
			name = Main.storyboard;
			sourceTree = "<group>";
		};
		E03D5C5328A61FAB007D8B04 /* LaunchScreen.storyboard */ = {
			isa = PBXVariantGroup;
			children = (
				E03D5C5428A61FAB007D8B04 /* Base */,
			);
			name = LaunchScreen.storyboard;
			sourceTree = "<group>";
		};
/* End PBXVariantGroup section */

/* Begin XCBuildConfiguration section */
		E03D5C5728A61FAB007D8B04 /* Debug */ = {
			isa = XCBuildConfiguration;
			buildSettings = {
				ALWAYS_SEARCH_USER_PATHS = NO;
				CLANG_ANALYZER_NONNULL = YES;
				CLANG_ANALYZER_NUMBER_OBJECT_CONVERSION = YES_AGGRESSIVE;
				CLANG_CXX_LANGUAGE_STANDARD = "gnu++17";
				CLANG_ENABLE_MODULES = YES;
				CLANG_ENABLE_OBJC_ARC = YES;
				CLANG_ENABLE_OBJC_WEAK = YES;
				CLANG_WARN_BLOCK_CAPTURE_AUTORELEASING = YES;
				CLANG_WARN_BOOL_CONVERSION = YES;
				CLANG_WARN_COMMA = YES;
				CLANG_WARN_CONSTANT_CONVERSION = YES;
				CLANG_WARN_DEPRECATED_OBJC_IMPLEMENTATIONS = YES;
				CLANG_WARN_DIRECT_OBJC_ISA_USAGE = YES_ERROR;
				CLANG_WARN_DOCUMENTATION_COMMENTS = YES;
				CLANG_WARN_EMPTY_BODY = YES;
				CLANG_WARN_ENUM_CONVERSION = YES;
				CLANG_WARN_INFINITE_RECURSION = YES;
				CLANG_WARN_INT_CONVERSION = YES;
				CLANG_WARN_NON_LITERAL_NULL_CONVERSION = YES;
				CLANG_WARN_OBJC_IMPLICIT_RETAIN_SELF = YES;
				CLANG_WARN_OBJC_LITERAL_CONVERSION = YES;
				CLANG_WARN_OBJC_ROOT_CLASS = YES_ERROR;
				CLANG_WARN_QUOTED_INCLUDE_IN_FRAMEWORK_HEADER = YES;
				CLANG_WARN_RANGE_LOOP_ANALYSIS = YES;
				CLANG_WARN_STRICT_PROTOTYPES = YES;
				CLANG_WARN_SUSPICIOUS_MOVE = YES;
				CLANG_WARN_UNGUARDED_AVAILABILITY = YES_AGGRESSIVE;
				CLANG_WARN_UNREACHABLE_CODE = YES;
				CLANG_WARN__DUPLICATE_METHOD_MATCH = YES;
				COPY_PHASE_STRIP = NO;
				DEBUG_INFORMATION_FORMAT = dwarf;
				ENABLE_STRICT_OBJC_MSGSEND = YES;
				ENABLE_TESTABILITY = YES;
				GCC_C_LANGUAGE_STANDARD = gnu11;
				GCC_DYNAMIC_NO_PIC = NO;
				GCC_NO_COMMON_BLOCKS = YES;
				GCC_OPTIMIZATION_LEVEL = 0;
				GCC_PREPROCESSOR_DEFINITIONS = (
					"DEBUG=1",
					"$(inherited)",
				);
				GCC_WARN_64_TO_32_BIT_CONVERSION = YES;
				GCC_WARN_ABOUT_RETURN_TYPE = YES_ERROR;
				GCC_WARN_UNDECLARED_SELECTOR = YES;
				GCC_WARN_UNINITIALIZED_AUTOS = YES_AGGRESSIVE;
				GCC_WARN_UNUSED_FUNCTION = YES;
				GCC_WARN_UNUSED_VARIABLE = YES;
				IPHONEOS_DEPLOYMENT_TARGET = 15.5;
				MTL_ENABLE_DEBUG_INFO = INCLUDE_SOURCE;
				MTL_FAST_MATH = YES;
				ONLY_ACTIVE_ARCH = YES;
				SDKROOT = iphoneos;
				SWIFT_ACTIVE_COMPILATION_CONDITIONS = DEBUG;
				SWIFT_OPTIMIZATION_LEVEL = "-Onone";
			};
			name = Debug;
		};
		E03D5C5828A61FAB007D8B04 /* Release */ = {
			isa = XCBuildConfiguration;
			buildSettings = {
				ALWAYS_SEARCH_USER_PATHS = NO;
				CLANG_ANALYZER_NONNULL = YES;
				CLANG_ANALYZER_NUMBER_OBJECT_CONVERSION = YES_AGGRESSIVE;
				CLANG_CXX_LANGUAGE_STANDARD = "gnu++17";
				CLANG_ENABLE_MODULES = YES;
				CLANG_ENABLE_OBJC_ARC = YES;
				CLANG_ENABLE_OBJC_WEAK = YES;
				CLANG_WARN_BLOCK_CAPTURE_AUTORELEASING = YES;
				CLANG_WARN_BOOL_CONVERSION = YES;
				CLANG_WARN_COMMA = YES;
				CLANG_WARN_CONSTANT_CONVERSION = YES;
				CLANG_WARN_DEPRECATED_OBJC_IMPLEMENTATIONS = YES;
				CLANG_WARN_DIRECT_OBJC_ISA_USAGE = YES_ERROR;
				CLANG_WARN_DOCUMENTATION_COMMENTS = YES;
				CLANG_WARN_EMPTY_BODY = YES;
				CLANG_WARN_ENUM_CONVERSION = YES;
				CLANG_WARN_INFINITE_RECURSION = YES;
				CLANG_WARN_INT_CONVERSION = YES;
				CLANG_WARN_NON_LITERAL_NULL_CONVERSION = YES;
				CLANG_WARN_OBJC_IMPLICIT_RETAIN_SELF = YES;
				CLANG_WARN_OBJC_LITERAL_CONVERSION = YES;
				CLANG_WARN_OBJC_ROOT_CLASS = YES_ERROR;
				CLANG_WARN_QUOTED_INCLUDE_IN_FRAMEWORK_HEADER = YES;
				CLANG_WARN_RANGE_LOOP_ANALYSIS = YES;
				CLANG_WARN_STRICT_PROTOTYPES = YES;
				CLANG_WARN_SUSPICIOUS_MOVE = YES;
				CLANG_WARN_UNGUARDED_AVAILABILITY = YES_AGGRESSIVE;
				CLANG_WARN_UNREACHABLE_CODE = YES;
				CLANG_WARN__DUPLICATE_METHOD_MATCH = YES;
				COPY_PHASE_STRIP = NO;
				DEBUG_INFORMATION_FORMAT = "dwarf-with-dsym";
				ENABLE_NS_ASSERTIONS = NO;
				ENABLE_STRICT_OBJC_MSGSEND = YES;
				GCC_C_LANGUAGE_STANDARD = gnu11;
				GCC_NO_COMMON_BLOCKS = YES;
				GCC_WARN_64_TO_32_BIT_CONVERSION = YES;
				GCC_WARN_ABOUT_RETURN_TYPE = YES_ERROR;
				GCC_WARN_UNDECLARED_SELECTOR = YES;
				GCC_WARN_UNINITIALIZED_AUTOS = YES_AGGRESSIVE;
				GCC_WARN_UNUSED_FUNCTION = YES;
				GCC_WARN_UNUSED_VARIABLE = YES;
				IPHONEOS_DEPLOYMENT_TARGET = 15.5;
				MTL_ENABLE_DEBUG_INFO = NO;
				MTL_FAST_MATH = YES;
				SDKROOT = iphoneos;
				SWIFT_COMPILATION_MODE = wholemodule;
				SWIFT_OPTIMIZATION_LEVEL = "-O";
				VALIDATE_PRODUCT = YES;
			};
			name = Release;
		};
		E03D5C5A28A61FAB007D8B04 /* Debug */ = {
			isa = XCBuildConfiguration;
			buildSettings = {
				ASSETCATALOG_COMPILER_APPICON_NAME = AppIcon;
				ASSETCATALOG_COMPILER_GLOBAL_ACCENT_COLOR_NAME = AccentColor;
				CODE_SIGN_STYLE = Automatic;
				CURRENT_PROJECT_VERSION = 1;
				DEVELOPMENT_TEAM = K69KAWREKZ;
				GENERATE_INFOPLIST_FILE = YES;
				INFOPLIST_FILE = CasdoorDemo/Info.plist;
				INFOPLIST_KEY_UIApplicationSupportsIndirectInputEvents = YES;
				INFOPLIST_KEY_UILaunchStoryboardName = LaunchScreen;
				INFOPLIST_KEY_UIMainStoryboardFile = Main;
				INFOPLIST_KEY_UISupportedInterfaceOrientations_iPad = "UIInterfaceOrientationPortrait UIInterfaceOrientationPortraitUpsideDown UIInterfaceOrientationLandscapeLeft UIInterfaceOrientationLandscapeRight";
				INFOPLIST_KEY_UISupportedInterfaceOrientations_iPhone = "UIInterfaceOrientationPortrait UIInterfaceOrientationLandscapeLeft UIInterfaceOrientationLandscapeRight";
				LD_RUNPATH_SEARCH_PATHS = (
					"$(inherited)",
					"@executable_path/Frameworks",
				);
				MARKETING_VERSION = 1.0;
				PRODUCT_BUNDLE_IDENTIFIER = org.casdoor.CasdoorDemo;
				PRODUCT_NAME = "$(TARGET_NAME)";
				SWIFT_EMIT_LOC_STRINGS = YES;
				SWIFT_VERSION = 5.0;
				TARGETED_DEVICE_FAMILY = "1,2";
			};
			name = Debug;
		};
		E03D5C5B28A61FAB007D8B04 /* Release */ = {
			isa = XCBuildConfiguration;
			buildSettings = {
				ASSETCATALOG_COMPILER_APPICON_NAME = AppIcon;
				ASSETCATALOG_COMPILER_GLOBAL_ACCENT_COLOR_NAME = AccentColor;
				CODE_SIGN_STYLE = Automatic;
				CURRENT_PROJECT_VERSION = 1;
				DEVELOPMENT_TEAM = K69KAWREKZ;
				GENERATE_INFOPLIST_FILE = YES;
				INFOPLIST_FILE = CasdoorDemo/Info.plist;
				INFOPLIST_KEY_UIApplicationSupportsIndirectInputEvents = YES;
				INFOPLIST_KEY_UILaunchStoryboardName = LaunchScreen;
				INFOPLIST_KEY_UIMainStoryboardFile = Main;
				INFOPLIST_KEY_UISupportedInterfaceOrientations_iPad = "UIInterfaceOrientationPortrait UIInterfaceOrientationPortraitUpsideDown UIInterfaceOrientationLandscapeLeft UIInterfaceOrientationLandscapeRight";
				INFOPLIST_KEY_UISupportedInterfaceOrientations_iPhone = "UIInterfaceOrientationPortrait UIInterfaceOrientationLandscapeLeft UIInterfaceOrientationLandscapeRight";
				LD_RUNPATH_SEARCH_PATHS = (
					"$(inherited)",
					"@executable_path/Frameworks",
				);
				MARKETING_VERSION = 1.0;
				PRODUCT_BUNDLE_IDENTIFIER = org.casdoor.CasdoorDemo;
				PRODUCT_NAME = "$(TARGET_NAME)";
				SWIFT_EMIT_LOC_STRINGS = YES;
				SWIFT_VERSION = 5.0;
				TARGETED_DEVICE_FAMILY = "1,2";
			};
			name = Release;
		};
/* End XCBuildConfiguration section */

/* Begin XCConfigurationList section */
		E03D5C4028A61FAA007D8B04 /* Build configuration list for PBXProject "CasdoorDemo" */ = {
			isa = XCConfigurationList;
			buildConfigurations = (
				E03D5C5728A61FAB007D8B04 /* Debug */,
				E03D5C5828A61FAB007D8B04 /* Release */,
			);
			defaultConfigurationIsVisible = 0;
			defaultConfigurationName = Release;
		};
		E03D5C5928A61FAB007D8B04 /* Build configuration list for PBXNativeTarget "CasdoorDemo" */ = {
			isa = XCConfigurationList;
			buildConfigurations = (
				E03D5C5A28A61FAB007D8B04 /* Debug */,
				E03D5C5B28A61FAB007D8B04 /* Release */,
			);
			defaultConfigurationIsVisible = 0;
			defaultConfigurationName = Release;
		};
/* End XCConfigurationList section */

/* Begin XCRemoteSwiftPackageReference section */
		E03D5C6628A64B49007D8B04 /* XCRemoteSwiftPackageReference "casdoor-ios-sdk" */ = {
			isa = XCRemoteSwiftPackageReference;
			repositoryURL = "https://github.com/casdoor/casdoor-ios-sdk.git";
			requirement = {
				kind = upToNextMajorVersion;
				minimumVersion = 1.0.0;
			};
		};
/* End XCRemoteSwiftPackageReference section */

/* Begin XCSwiftPackageProductDependency section */
		E03D5C6728A64B49007D8B04 /* Casdoor */ = {
			isa = XCSwiftPackageProductDependency;
			package = E03D5C6628A64B49007D8B04 /* XCRemoteSwiftPackageReference "casdoor-ios-sdk" */;
			productName = Casdoor;
		};
/* End XCSwiftPackageProductDependency section */
	};
	rootObject = E03D5C3D28A61FAA007D8B04 /* Project object */;
}
